# containers/locks/bulk.lock.yml
# Generated 2025-11-04 with: conda-lock --kind explicit --platform linux-64 \
#   -f containers/environment.bulk.yml
# This file is used verbatim by Singularity.bulk during build.
name: kazrna-bulk
channels:
  - conda-forge
  - bioconda
  - nodefaults
platform: linux-64
dependencies:
  - conda-forge::python=3.11.9=hb806964_0_cpython
  - conda-forge::pip=24.2=pyhd8ed1ab_0
  - bioconda::star=2.7.11a=h0033a41_0
  - bioconda::hisat2=2.2.1=h87f3376_5
  - bioconda::salmon=1.10.2=h6dccd9a_2
  - bioconda::subread=2.0.6=he4a0461_2
  - bioconda::fastqc=0.12.1=hdfd78af_0
  - bioconda::trim-galore=0.6.10=hdfd78af_1
  - bioconda::cutadapt=4.9=py311h0152c62_1
  - bioconda::samtools=1.20=h50ea8bc_1
  - bioconda::multiqc=1.24.1=pyhdfd78af_0
  - conda-forge::r-base=4.4.1=h6b8a4a8_1
  - bioconda::bioconductor-deseq2=1.44.0=r44hf17093f_0
  - bioconda::bioconductor-edger=4.2.1=r44h0d4f4ea_0
  - bioconda::bioconductor-limma=3.60.6=r44hb1ddbcc_0
  - bioconda::bioconductor-tximport=1.32.0=r44hdfd78af_0
  - bioconda::bioconductor-clusterprofiler=4.12.6=r44hdfd78af_0
  - bioconda::bioconductor-org.hs.eg.db=3.19.1=r44hdfd78af_0
  - conda-forge::r-optparse=1.7.5=r44hc72bb7e_0
  - conda-forge::r-tidyverse=2.0.0=r44h785f33e_0
  - conda-forge::r-ggplot2=3.5.1=r44hc72bb7e_0
  - conda-forge::r-venndiagram=1.7.3=r44hc72bb7e_2
  - bioconda::bioconductor-complexheatmap=2.20.0=r44hdfd78af_0
