# containers/locks/rapids.lock.yml
# Generated 2025-11-04 with conda-lock against the RAPIDS 24.06 base image.
name: rapids
channels:
  - rapidsai
  - nvidia
  - conda-forge
  - bioconda
  - nodefaults
platform: linux-64
dependencies:
  - conda-forge::python=3.11.9
  - rapidsai::rapids=24.06.00=py311_240606_*
  - rapidsai::cudf=24.06.00
  - rapidsai::cuml=24.06.00
  - rapidsai::cugraph=24.06.00
  - rapidsai::dask-cudf=24.06.00
  - nvidia::cuda-cudart=12.2.140
  - nvidia::cuda-version=12.2
  - conda-forge::cupy=13.2.0
  - conda-forge::numpy=1.26.4
  - conda-forge::pandas=2.2.2
  - conda-forge::scipy=1.13.1
  - conda-forge::scikit-learn=1.5.1
  - conda-forge::pyyaml=6.0.2
  - conda-forge::tqdm=4.66.5
  - pip:
      - scanpy==1.10.2
      - anndata==0.10.8
      - rapids-singlecell==0.10.10
      - leidenalg==0.10.2
      - igraph==0.11.6
      - scrublet==0.2.3
      - decoupler==1.7.0
      - harmonypy==0.0.10
      - scvi-tools==1.1.5
